
Microsoft Visual Studio Solution File, Format Version 12.00
# Visual Studio Version 17
VisualStudioVersion = 17.5.33424.131
MinimumVisualStudioVersion = 10.0.40219.1
Project("{9A19103F-16F7-4668-BE54-9A1E7A4F7556}") = "API", "src\API\API.csproj", "{1F486CD0-DC5F-4DF9-B999-7B007D6E6B2A}"
EndProject
Project("{2150E333-8FDC-42A3-9474-1A3956D46DE8}") = "src", "src", "{8A4E10B4-3BE9-41C7-984D-C48B318C0C9B}"
EndProject
Project("{2150E333-8FDC-42A3-9474-1A3956D46DE8}") = "test", "test", "{8304002F-6EE1-4611-9BA6-47D08D61C468}"
EndProject
Project("{2150E333-8FDC-42A3-9474-1A3956D46DE8}") = "Presentation", "Presentation", "{6A69D640-D789-4FE3-9562-8B6A8CE2BE6A}"
EndProject
Project("{9A19103F-16F7-4668-BE54-9A1E7A4F7556}") = "Domain", "src\Domain\Domain.csproj", "{7017DF92-8B9C-471C-9AEA-6D49BCADABEB}"
EndProject
Project("{9A19103F-16F7-4668-BE54-9A1E7A4F7556}") = "Application", "src\Application\Application.csproj", "{89E80717-1E6B-42B5-80CC-A6B1DF8046DB}"
EndProject
Project("{9A19103F-16F7-4668-BE54-9A1E7A4F7556}") = "Infrastructure", "src\Infrastructure\Infrastructure.csproj", "{8FF99B0A-2AAD-455B-AAF2-6BD8D85F4BD2}"
EndProject
Project("{FAE04EC0-301F-11D3-BF4B-00C04F79EFBC}") = "API.Test", "test\API.Test\API.Test.csproj", "{6A3D9AC2-482C-4C9C-AEC4-C63773294A05}"
EndProject
Project("{FAE04EC0-301F-11D3-BF4B-00C04F79EFBC}") = "Application.Test", "test\Application.Test\Application.Test.csproj", "{B9999F0D-ACE9-4058-BCB6-1902011D4AFA}"
EndProject
Project("{FAE04EC0-301F-11D3-BF4B-00C04F79EFBC}") = "Infrastructure.Test", "test\Infrastructure.Test\Infrastructure.Test.csproj", "{265FA938-857F-4CC0-BDB1-D859812F2B7C}"
EndProject
Global
	GlobalSection(SolutionConfigurationPlatforms) = preSolution
		Debug|Any CPU = Debug|Any CPU
		Release|Any CPU = Release|Any CPU
	EndGlobalSection
	GlobalSection(ProjectConfigurationPlatforms) = postSolution
		{1F486CD0-DC5F-4DF9-B999-7B007D6E6B2A}.Debug|Any CPU.ActiveCfg = Debug|Any CPU
		{1F486CD0-DC5F-4DF9-B999-7B007D6E6B2A}.Debug|Any CPU.Build.0 = Debug|Any CPU
		{1F486CD0-DC5F-4DF9-B999-7B007D6E6B2A}.Release|Any CPU.ActiveCfg = Release|Any CPU
		{1F486CD0-DC5F-4DF9-B999-7B007D6E6B2A}.Release|Any CPU.Build.0 = Release|Any CPU
		{7017DF92-8B9C-471C-9AEA-6D49BCADABEB}.Debug|Any CPU.ActiveCfg = Debug|Any CPU
		{7017DF92-8B9C-471C-9AEA-6D49BCADABEB}.Debug|Any CPU.Build.0 = Debug|Any CPU
		{7017DF92-8B9C-471C-9AEA-6D49BCADABEB}.Release|Any CPU.ActiveCfg = Release|Any CPU
		{7017DF92-8B9C-471C-9AEA-6D49BCADABEB}.Release|Any CPU.Build.0 = Release|Any CPU
		{89E80717-1E6B-42B5-80CC-A6B1DF8046DB}.Debug|Any CPU.ActiveCfg = Debug|Any CPU
		{89E80717-1E6B-42B5-80CC-A6B1DF8046DB}.Debug|Any CPU.Build.0 = Debug|Any CPU
		{89E80717-1E6B-42B5-80CC-A6B1DF8046DB}.Release|Any CPU.ActiveCfg = Release|Any CPU
		{89E80717-1E6B-42B5-80CC-A6B1DF8046DB}.Release|Any CPU.Build.0 = Release|Any CPU
		{8FF99B0A-2AAD-455B-AAF2-6BD8D85F4BD2}.Debug|Any CPU.ActiveCfg = Debug|Any CPU
		{8FF99B0A-2AAD-455B-AAF2-6BD8D85F4BD2}.Debug|Any CPU.Build.0 = Debug|Any CPU
		{8FF99B0A-2AAD-455B-AAF2-6BD8D85F4BD2}.Release|Any CPU.ActiveCfg = Release|Any CPU
		{8FF99B0A-2AAD-455B-AAF2-6BD8D85F4BD2}.Release|Any CPU.Build.0 = Release|Any CPU
		{6A3D9AC2-482C-4C9C-AEC4-C63773294A05}.Debug|Any CPU.ActiveCfg = Debug|Any CPU
		{6A3D9AC2-482C-4C9C-AEC4-C63773294A05}.Debug|Any CPU.Build.0 = Debug|Any CPU
		{6A3D9AC2-482C-4C9C-AEC4-C63773294A05}.Release|Any CPU.ActiveCfg = Release|Any CPU
		{6A3D9AC2-482C-4C9C-AEC4-C63773294A05}.Release|Any CPU.Build.0 = Release|Any CPU
		{B9999F0D-ACE9-4058-BCB6-1902011D4AFA}.Debug|Any CPU.ActiveCfg = Debug|Any CPU
		{B9999F0D-ACE9-4058-BCB6-1902011D4AFA}.Debug|Any CPU.Build.0 = Debug|Any CPU
		{B9999F0D-ACE9-4058-BCB6-1902011D4AFA}.Release|Any CPU.ActiveCfg = Release|Any CPU
		{B9999F0D-ACE9-4058-BCB6-1902011D4AFA}.Release|Any CPU.Build.0 = Release|Any CPU
		{265FA938-857F-4CC0-BDB1-D859812F2B7C}.Debug|Any CPU.ActiveCfg = Debug|Any CPU
		{265FA938-857F-4CC0-BDB1-D859812F2B7C}.Debug|Any CPU.Build.0 = Debug|Any CPU
		{265FA938-857F-4CC0-BDB1-D859812F2B7C}.Release|Any CPU.ActiveCfg = Release|Any CPU
		{265FA938-857F-4CC0-BDB1-D859812F2B7C}.Release|Any CPU.Build.0 = Release|Any CPU
	EndGlobalSection
	GlobalSection(SolutionProperties) = preSolution
		HideSolutionNode = FALSE
	EndGlobalSection
	GlobalSection(NestedProjects) = preSolution
		{1F486CD0-DC5F-4DF9-B999-7B007D6E6B2A} = {6A69D640-D789-4FE3-9562-8B6A8CE2BE6A}
		{6A69D640-D789-4FE3-9562-8B6A8CE2BE6A} = {8A4E10B4-3BE9-41C7-984D-C48B318C0C9B}
		{7017DF92-8B9C-471C-9AEA-6D49BCADABEB} = {8A4E10B4-3BE9-41C7-984D-C48B318C0C9B}
		{89E80717-1E6B-42B5-80CC-A6B1DF8046DB} = {8A4E10B4-3BE9-41C7-984D-C48B318C0C9B}
		{8FF99B0A-2AAD-455B-AAF2-6BD8D85F4BD2} = {8A4E10B4-3BE9-41C7-984D-C48B318C0C9B}
		{6A3D9AC2-482C-4C9C-AEC4-C63773294A05} = {8304002F-6EE1-4611-9BA6-47D08D61C468}
		{B9999F0D-ACE9-4058-BCB6-1902011D4AFA} = {8304002F-6EE1-4611-9BA6-47D08D61C468}
		{265FA938-857F-4CC0-BDB1-D859812F2B7C} = {8304002F-6EE1-4611-9BA6-47D08D61C468}
	EndGlobalSection
	GlobalSection(ExtensibilityGlobals) = postSolution
		SolutionGuid = {02026014-AFD8-4D62-BFA6-E9B45956781D}
	EndGlobalSection
EndGlobal
